# THIS IS AN AUTOGENERATED FILE. DO NOT EDIT THIS FILE DIRECTLY.
# yarn lockfile v1


bootstrap-social@5.1.1:
  version "5.1.1"
  resolved "https://registry.yarnpkg.com/bootstrap-social/-/bootstrap-social-5.1.1.tgz#7530c678adf56cf8fad3fa82c29d4d3e5d027501"
  integrity sha1-dTDGeK31bPj60/qCwp1NPl0CdQE=
  dependencies:
    bootstrap "~3"
    font-awesome "~4.7"

bootstrap@~3:
  version "3.4.1"
  resolved "https://registry.yarnpkg.com/bootstrap/-/bootstrap-3.4.1.tgz#c3a347d419e289ad11f4033e3c4132b87c081d72"
  integrity sha512-yN5oZVmRCwe5aKwzRj6736nSmKDX7pLYwsXiCj/EYmo16hODaBiT4En5btW/jhBF/seV+XMx3aYwukYC3A49DA==

font-awesome@4.7.0, font-awesome@~4.7:
  version "4.7.0"
  resolved "https://registry.yarnpkg.com/font-awesome/-/font-awesome-4.7.0.tgz#8fa8cf0411a1a31afd07b06d2902bb9fc815a133"
  integrity sha1-j6jPBBGhoxr9B7BtKQK7n8gVoTM=
